{
  "name": "PasswordGenerator",
  "lockfileVersion": 2,
  "requires": true,
  "packages": {
    "": {
      "dependencies": {
        "argon2-browser": "^1.18.0"
      },
      "devDependencies": {
        "uglify-js": "^3.17.4"
      }
    },
    "node_modules/argon2-browser": {
      "version": "1.18.0",
      "resolved": "https://registry.npmjs.org/argon2-browser/-/argon2-browser-1.18.0.tgz",
      "integrity": "sha512-ImVAGIItnFnvET1exhsQB7apRztcoC5TnlSqernMJDUjbc/DLq3UEYeXFrLPrlaIl8cVfwnXb6wX2KpFf2zxHw=="
    },
    "node_modules/uglify-js": {
      "version": "3.17.4",
      "resolved": "https://registry.npmjs.org/uglify-js/-/uglify-js-3.17.4.tgz",
      "integrity": "sha512-T9q82TJI9e/C1TAxYvfb16xO120tMVFZrGA3f9/P4424DNu6ypK103y0GPFVa17yotwSyZW5iYXgjYHkGrJW/g==",
      "dev": true,
      "bin": {
        "uglifyjs": "bin/uglifyjs"
      },
      "engines": {
        "node": ">=0.8.0"
      }
    }
  },
  "dependencies": {
    "argon2-browser": {
      "version": "1.18.0",
      "resolved": "https://registry.npmjs.org/argon2-browser/-/argon2-browser-1.18.0.tgz",
      "integrity": "sha512-ImVAGIItnFnvET1exhsQB7apRztcoC5TnlSqernMJDUjbc/DLq3UEYeXFrLPrlaIl8cVfwnXb6wX2KpFf2zxHw=="
    },
    "uglify-js": {
      "version": "3.17.4",
      "resolved": "https://registry.npmjs.org/uglify-js/-/uglify-js-3.17.4.tgz",
      "integrity": "sha512-T9q82TJI9e/C1TAxYvfb16xO120tMVFZrGA3f9/P4424DNu6ypK103y0GPFVa17yotwSyZW5iYXgjYHkGrJW/g==",
      "dev": true
    }
  }
}
